
Microsoft Visual Studio Solution File, Format Version 12.00
# Visual Studio Version 17
VisualStudioVersion = 17.12.35521.163
MinimumVisualStudioVersion = 10.0.40219.1
Project("{FAE04EC0-301F-11D3-BF4B-00C04F79EFBC}") = "Machine.UI", "Machine.UI\Machine.UI.csproj", "{9B52EADD-CB35-46E4-B0FA-439BB28BC069}"
EndProject
Project("{FAE04EC0-301F-11D3-BF4B-00C04F79EFBC}") = "Machine.App", "Machine.App\Machine.App.csproj", "{9B1CCB85-A9BF-44B5-88C4-11B0ADFCCE98}"
EndProject
Global
	GlobalSection(SolutionConfigurationPlatforms) = preSolution
		Debug|Any CPU = Debug|Any CPU
		Debug|x64 = Debug|x64
		Release|Any CPU = Release|Any CPU
		Release|x64 = Release|x64
	EndGlobalSection
	GlobalSection(ProjectConfigurationPlatforms) = postSolution
		{9B52EADD-CB35-46E4-B0FA-439BB28BC069}.Debug|Any CPU.ActiveCfg = Debug|Any CPU
		{9B52EADD-CB35-46E4-B0FA-439BB28BC069}.Debug|Any CPU.Build.0 = Debug|Any CPU
		{9B52EADD-CB35-46E4-B0FA-439BB28BC069}.Debug|x64.ActiveCfg = Debug|x64
		{9B52EADD-CB35-46E4-B0FA-439BB28BC069}.Debug|x64.Build.0 = Debug|x64
		{9B52EADD-CB35-46E4-B0FA-439BB28BC069}.Release|Any CPU.ActiveCfg = Release|Any CPU
		{9B52EADD-CB35-46E4-B0FA-439BB28BC069}.Release|Any CPU.Build.0 = Release|Any CPU
		{9B52EADD-CB35-46E4-B0FA-439BB28BC069}.Release|x64.ActiveCfg = Release|x64
		{9B52EADD-CB35-46E4-B0FA-439BB28BC069}.Release|x64.Build.0 = Release|x64
		{9B1CCB85-A9BF-44B5-88C4-11B0ADFCCE98}.Debug|Any CPU.ActiveCfg = Debug|Any CPU
		{9B1CCB85-A9BF-44B5-88C4-11B0ADFCCE98}.Debug|Any CPU.Build.0 = Debug|Any CPU
		{9B1CCB85-A9BF-44B5-88C4-11B0ADFCCE98}.Debug|x64.ActiveCfg = Debug|Any CPU
		{9B1CCB85-A9BF-44B5-88C4-11B0ADFCCE98}.Debug|x64.Build.0 = Debug|Any CPU
		{9B1CCB85-A9BF-44B5-88C4-11B0ADFCCE98}.Release|Any CPU.ActiveCfg = Release|Any CPU
		{9B1CCB85-A9BF-44B5-88C4-11B0ADFCCE98}.Release|Any CPU.Build.0 = Release|Any CPU
		{9B1CCB85-A9BF-44B5-88C4-11B0ADFCCE98}.Release|x64.ActiveCfg = Release|Any CPU
		{9B1CCB85-A9BF-44B5-88C4-11B0ADFCCE98}.Release|x64.Build.0 = Release|Any CPU
	EndGlobalSection
	GlobalSection(SolutionProperties) = preSolution
		HideSolutionNode = FALSE
	EndGlobalSection
EndGlobal
